// !$*UTF8*$!
{
	archiveVersion = 1;
	classes = {
	};
	objectVersion = 50;
	objects = {

/* Begin PBXBuildFile section */
		DFE0F1C520E3ABF6006D5D03 /* AppDelegate.swift in Sources */ = {isa = PBXBuildFile; fileRef = DFE0F1C420E3ABF6006D5D03 /* AppDelegate.swift */; };
		DFE0F1C720E3ABF6006D5D03 /* ViewController.swift in Sources */ = {isa = PBXBuildFile; fileRef = DFE0F1C620E3ABF6006D5D03 /* ViewController.swift */; };
		DFE0F1CA20E3ABF6006D5D03 /* Main.storyboard in Resources */ = {isa = PBXBuildFile; fileRef = DFE0F1C820E3ABF6006D5D03 /* Main.storyboard */; };
		DFE0F1CC20E3ABF8006D5D03 /* Assets.xcassets in Resources */ = {isa = PBXBuildFile; fileRef = DFE0F1CB20E3ABF8006D5D03 /* Assets.xcassets */; };
		DFE0F1CF20E3ABF8006D5D03 /* LaunchScreen.storyboard in Resources */ = {isa = PBXBuildFile; fileRef = DFE0F1CD20E3ABF8006D5D03 /* LaunchScreen.storyboard */; };
		DFE0F1D720E3ADDF006D5D03 /* MainService.swift in Sources */ = {isa = PBXBuildFile; fileRef = DFE0F1D620E3ADDF006D5D03 /* MainService.swift */; };
		DFE0F1DD20E3BEF6006D5D03 /* SWPerson.swift in Sources */ = {isa = PBXBuildFile; fileRef = DFE0F1DC20E3BEF6006D5D03 /* SWPerson.swift */; };
		DFE0F1DF20E3BF69006D5D03 /* SWFilm.swift in Sources */ = {isa = PBXBuildFile; fileRef = DFE0F1DE20E3BF69006D5D03 /* SWFilm.swift */; };
		DFE0F1E120E3BFB5006D5D03 /* SWWorld.swift in Sources */ = {isa = PBXBuildFile; fileRef = DFE0F1E020E3BFB5006D5D03 /* SWWorld.swift */; };
		DFE0F1E420E3CDF3006D5D03 /* SWViewModel.swift in Sources */ = {isa = PBXBuildFile; fileRef = DFE0F1E320E3CDF3006D5D03 /* SWViewModel.swift */; };
		DFE0F1E720E3D09C006D5D03 /* SWCharCell.swift in Sources */ = {isa = PBXBuildFile; fileRef = DFE0F1E620E3D09C006D5D03 /* SWCharCell.swift */; };
		DFE0F1E920E3DB80006D5D03 /* SWFilmCell.swift in Sources */ = {isa = PBXBuildFile; fileRef = DFE0F1E820E3DB80006D5D03 /* SWFilmCell.swift */; };
/* End PBXBuildFile section */

/* Begin PBXFileReference section */
		DFE0F1C120E3ABF6006D5D03 /* mvvm.app */ = {isa = PBXFileReference; explicitFileType = wrapper.application; includeInIndex = 0; path = mvvm.app; sourceTree = BUILT_PRODUCTS_DIR; };
		DFE0F1C420E3ABF6006D5D03 /* AppDelegate.swift */ = {isa = PBXFileReference; lastKnownFileType = sourcecode.swift; path = AppDelegate.swift; sourceTree = "<group>"; };
		DFE0F1C620E3ABF6006D5D03 /* ViewController.swift */ = {isa = PBXFileReference; lastKnownFileType = sourcecode.swift; path = ViewController.swift; sourceTree = "<group>"; };
		DFE0F1C920E3ABF6006D5D03 /* Base */ = {isa = PBXFileReference; lastKnownFileType = file.storyboard; name = Base; path = Base.lproj/Main.storyboard; sourceTree = "<group>"; };
		DFE0F1CB20E3ABF8006D5D03 /* Assets.xcassets */ = {isa = PBXFileReference; lastKnownFileType = folder.assetcatalog; path = Assets.xcassets; sourceTree = "<group>"; };
		DFE0F1CE20E3ABF8006D5D03 /* Base */ = {isa = PBXFileReference; lastKnownFileType = file.storyboard; name = Base; path = Base.lproj/LaunchScreen.storyboard; sourceTree = "<group>"; };
		DFE0F1D020E3ABF8006D5D03 /* Info.plist */ = {isa = PBXFileReference; lastKnownFileType = text.plist.xml; path = Info.plist; sourceTree = "<group>"; };
		DFE0F1D620E3ADDF006D5D03 /* MainService.swift */ = {isa = PBXFileReference; lastKnownFileType = sourcecode.swift; path = MainService.swift; sourceTree = "<group>"; };
		DFE0F1DC20E3BEF6006D5D03 /* SWPerson.swift */ = {isa = PBXFileReference; lastKnownFileType = sourcecode.swift; path = SWPerson.swift; sourceTree = "<group>"; };
		DFE0F1DE20E3BF69006D5D03 /* SWFilm.swift */ = {isa = PBXFileReference; lastKnownFileType = sourcecode.swift; path = SWFilm.swift; sourceTree = "<group>"; };
		DFE0F1E020E3BFB5006D5D03 /* SWWorld.swift */ = {isa = PBXFileReference; lastKnownFileType = sourcecode.swift; path = SWWorld.swift; sourceTree = "<group>"; };
		DFE0F1E320E3CDF3006D5D03 /* SWViewModel.swift */ = {isa = PBXFileReference; lastKnownFileType = sourcecode.swift; path = SWViewModel.swift; sourceTree = "<group>"; };
		DFE0F1E620E3D09C006D5D03 /* SWCharCell.swift */ = {isa = PBXFileReference; lastKnownFileType = sourcecode.swift; path = SWCharCell.swift; sourceTree = "<group>"; };
		DFE0F1E820E3DB80006D5D03 /* SWFilmCell.swift */ = {isa = PBXFileReference; lastKnownFileType = sourcecode.swift; path = SWFilmCell.swift; sourceTree = "<group>"; };
/* End PBXFileReference section */

/* Begin PBXFrameworksBuildPhase section */
		DFE0F1BE20E3ABF6006D5D03 /* Frameworks */ = {
			isa = PBXFrameworksBuildPhase;
			buildActionMask = 2147483647;
			files = (
			);
			runOnlyForDeploymentPostprocessing = 0;
		};
/* End PBXFrameworksBuildPhase section */

/* Begin PBXGroup section */
		DFE0F1B820E3ABF6006D5D03 = {
			isa = PBXGroup;
			children = (
				DFE0F1C320E3ABF6006D5D03 /* mvvm */,
				DFE0F1C220E3ABF6006D5D03 /* Products */,
			);
			sourceTree = "<group>";
		};
		DFE0F1C220E3ABF6006D5D03 /* Products */ = {
			isa = PBXGroup;
			children = (
				DFE0F1C120E3ABF6006D5D03 /* mvvm.app */,
			);
			name = Products;
			sourceTree = "<group>";
		};
		DFE0F1C320E3ABF6006D5D03 /* mvvm */ = {
			isa = PBXGroup;
			children = (
				DFE0F1C420E3ABF6006D5D03 /* AppDelegate.swift */,
				DFE0F1C620E3ABF6006D5D03 /* ViewController.swift */,
				DFE0F1C820E3ABF6006D5D03 /* Main.storyboard */,
				DFE0F1CB20E3ABF8006D5D03 /* Assets.xcassets */,
				DFE0F1CD20E3ABF8006D5D03 /* LaunchScreen.storyboard */,
				DFE0F1D020E3ABF8006D5D03 /* Info.plist */,
				DFE0F1D620E3ADDF006D5D03 /* MainService.swift */,
				DFE0F1E220E3C6E0006D5D03 /* Model */,
				DFE0F1E520E3CE1A006D5D03 /* ViewModel */,
				DFE0F1E620E3D09C006D5D03 /* SWCharCell.swift */,
				DFE0F1E820E3DB80006D5D03 /* SWFilmCell.swift */,
			);
			path = mvvm;
			sourceTree = "<group>";
		};
		DFE0F1E220E3C6E0006D5D03 /* Model */ = {
			isa = PBXGroup;
			children = (
				DFE0F1DC20E3BEF6006D5D03 /* SWPerson.swift */,
				DFE0F1DE20E3BF69006D5D03 /* SWFilm.swift */,
				DFE0F1E020E3BFB5006D5D03 /* SWWorld.swift */,
			);
			path = Model;
			sourceTree = "<group>";
		};
		DFE0F1E520E3CE1A006D5D03 /* ViewModel */ = {
			isa = PBXGroup;
			children = (
				DFE0F1E320E3CDF3006D5D03 /* SWViewModel.swift */,
			);
			path = ViewModel;
			sourceTree = "<group>";
		};
/* End PBXGroup section */

/* Begin PBXNativeTarget section */
		DFE0F1C020E3ABF6006D5D03 /* mvvm */ = {
			isa = PBXNativeTarget;
			buildConfigurationList = DFE0F1D320E3ABF8006D5D03 /* Build configuration list for PBXNativeTarget "mvvm" */;
			buildPhases = (
				DFE0F1BD20E3ABF6006D5D03 /* Sources */,
				DFE0F1BE20E3ABF6006D5D03 /* Frameworks */,
				DFE0F1BF20E3ABF6006D5D03 /* Resources */,
			);
			buildRules = (
			);
			dependencies = (
			);
			name = mvvm;
			productName = mvvm;
			productReference = DFE0F1C120E3ABF6006D5D03 /* mvvm.app */;
			productType = "com.apple.product-type.application";
		};
/* End PBXNativeTarget section */

/* Begin PBXProject section */
		DFE0F1B920E3ABF6006D5D03 /* Project object */ = {
			isa = PBXProject;
			attributes = {
				LastSwiftUpdateCheck = 1000;
				LastUpgradeCheck = 1000;
				ORGANIZATIONNAME = "Piero Genovese";
				TargetAttributes = {
					DFE0F1C020E3ABF6006D5D03 = {
						CreatedOnToolsVersion = 10.0;
					};
				};
			};
			buildConfigurationList = DFE0F1BC20E3ABF6006D5D03 /* Build configuration list for PBXProject "mvvm" */;
			compatibilityVersion = "Xcode 9.3";
			developmentRegion = en;
			hasScannedForEncodings = 0;
			knownRegions = (
				en,
				Base,
			);
			mainGroup = DFE0F1B820E3ABF6006D5D03;
			productRefGroup = DFE0F1C220E3ABF6006D5D03 /* Products */;
			projectDirPath = "";
			projectRoot = "";
			targets = (
				DFE0F1C020E3ABF6006D5D03 /* mvvm */,
			);
		};
/* End PBXProject section */

/* Begin PBXResourcesBuildPhase section */
		DFE0F1BF20E3ABF6006D5D03 /* Resources */ = {
			isa = PBXResourcesBuildPhase;
			buildActionMask = 2147483647;
			files = (
				DFE0F1CF20E3ABF8006D5D03 /* LaunchScreen.storyboard in Resources */,
				DFE0F1CC20E3ABF8006D5D03 /* Assets.xcassets in Resources */,
				DFE0F1CA20E3ABF6006D5D03 /* Main.storyboard in Resources */,
			);
			runOnlyForDeploymentPostprocessing = 0;
		};
/* End PBXResourcesBuildPhase section */

/* Begin PBXSourcesBuildPhase section */
		DFE0F1BD20E3ABF6006D5D03 /* Sources */ = {
			isa = PBXSourcesBuildPhase;
			buildActionMask = 2147483647;
			files = (
				DFE0F1C720E3ABF6006D5D03 /* ViewController.swift in Sources */,
				DFE0F1E920E3DB80006D5D03 /* SWFilmCell.swift in Sources */,
				DFE0F1E420E3CDF3006D5D03 /* SWViewModel.swift in Sources */,
				DFE0F1C520E3ABF6006D5D03 /* AppDelegate.swift in Sources */,
				DFE0F1E720E3D09C006D5D03 /* SWCharCell.swift in Sources */,
				DFE0F1DF20E3BF69006D5D03 /* SWFilm.swift in Sources */,
				DFE0F1DD20E3BEF6006D5D03 /* SWPerson.swift in Sources */,
				DFE0F1E120E3BFB5006D5D03 /* SWWorld.swift in Sources */,
				DFE0F1D720E3ADDF006D5D03 /* MainService.swift in Sources */,
			);
			runOnlyForDeploymentPostprocessing = 0;
		};
/* End PBXSourcesBuildPhase section */

/* Begin PBXVariantGroup section */
		DFE0F1C820E3ABF6006D5D03 /* Main.storyboard */ = {
			isa = PBXVariantGroup;
			children = (
				DFE0F1C920E3ABF6006D5D03 /* Base */,
			);
			name = Main.storyboard;
			sourceTree = "<group>";
		};
		DFE0F1CD20E3ABF8006D5D03 /* LaunchScreen.storyboard */ = {
			isa = PBXVariantGroup;
			children = (
				DFE0F1CE20E3ABF8006D5D03 /* Base */,
			);
			name = LaunchScreen.storyboard;
			sourceTree = "<group>";
		};
/* End PBXVariantGroup section */

/* Begin XCBuildConfiguration section */
		DFE0F1D120E3ABF8006D5D03 /* Debug */ = {
			isa = XCBuildConfiguration;
			buildSettings = {
				ALWAYS_SEARCH_USER_PATHS = NO;
				CLANG_ANALYZER_NONNULL = YES;
				CLANG_ANALYZER_NUMBER_OBJECT_CONVERSION = YES_AGGRESSIVE;
				CLANG_CXX_LANGUAGE_STANDARD = "gnu++14";
				CLANG_CXX_LIBRARY = "libc++";
				CLANG_ENABLE_MODULES = YES;
				CLANG_ENABLE_OBJC_ARC = YES;
				CLANG_ENABLE_OBJC_WEAK = YES;
				CLANG_WARN_BLOCK_CAPTURE_AUTORELEASING = YES;
				CLANG_WARN_BOOL_CONVERSION = YES;
				CLANG_WARN_COMMA = YES;
				CLANG_WARN_CONSTANT_CONVERSION = YES;
				CLANG_WARN_DEPRECATED_OBJC_IMPLEMENTATIONS = YES;
				CLANG_WARN_DIRECT_OBJC_ISA_USAGE = YES_ERROR;
				CLANG_WARN_DOCUMENTATION_COMMENTS = YES;
				CLANG_WARN_EMPTY_BODY = YES;
				CLANG_WARN_ENUM_CONVERSION = YES;
				CLANG_WARN_INFINITE_RECURSION = YES;
				CLANG_WARN_INT_CONVERSION = YES;
				CLANG_WARN_NON_LITERAL_NULL_CONVERSION = YES;
				CLANG_WARN_OBJC_IMPLICIT_RETAIN_SELF = YES;
				CLANG_WARN_OBJC_LITERAL_CONVERSION = YES;
				CLANG_WARN_OBJC_ROOT_CLASS = YES_ERROR;
				CLANG_WARN_RANGE_LOOP_ANALYSIS = YES;
				CLANG_WARN_STRICT_PROTOTYPES = YES;
				CLANG_WARN_SUSPICIOUS_MOVE = YES;
				CLANG_WARN_UNGUARDED_AVAILABILITY = YES_AGGRESSIVE;
				CLANG_WARN_UNREACHABLE_CODE = YES;
				CLANG_WARN__DUPLICATE_METHOD_MATCH = YES;
				CODE_SIGN_IDENTITY = "iPhone Developer";
				COPY_PHASE_STRIP = NO;
				DEBUG_INFORMATION_FORMAT = dwarf;
				ENABLE_STRICT_OBJC_MSGSEND = YES;
				ENABLE_TESTABILITY = YES;
				GCC_C_LANGUAGE_STANDARD = gnu11;
				GCC_DYNAMIC_NO_PIC = NO;
				GCC_NO_COMMON_BLOCKS = YES;
				GCC_OPTIMIZATION_LEVEL = 0;
				GCC_PREPROCESSOR_DEFINITIONS = (
					"DEBUG=1",
					"$(inherited)",
				);
				GCC_WARN_64_TO_32_BIT_CONVERSION = YES;
				GCC_WARN_ABOUT_RETURN_TYPE = YES_ERROR;
				GCC_WARN_UNDECLARED_SELECTOR = YES;
				GCC_WARN_UNINITIALIZED_AUTOS = YES_AGGRESSIVE;
				GCC_WARN_UNUSED_FUNCTION = YES;
				GCC_WARN_UNUSED_VARIABLE = YES;
				IPHONEOS_DEPLOYMENT_TARGET = 12.0;
				MTL_ENABLE_DEBUG_INFO = INCLUDE_SOURCE;
				ONLY_ACTIVE_ARCH = YES;
				SDKROOT = iphoneos;
				SWIFT_ACTIVE_COMPILATION_CONDITIONS = DEBUG;
				SWIFT_OPTIMIZATION_LEVEL = "-Onone";
			};
			name = Debug;
		};
		DFE0F1D220E3ABF8006D5D03 /* Release */ = {
			isa = XCBuildConfiguration;
			buildSettings = {
				ALWAYS_SEARCH_USER_PATHS = NO;
				CLANG_ANALYZER_NONNULL = YES;
				CLANG_ANALYZER_NUMBER_OBJECT_CONVERSION = YES_AGGRESSIVE;
				CLANG_CXX_LANGUAGE_STANDARD = "gnu++14";
				CLANG_CXX_LIBRARY = "libc++";
				CLANG_ENABLE_MODULES = YES;
				CLANG_ENABLE_OBJC_ARC = YES;
				CLANG_ENABLE_OBJC_WEAK = YES;
				CLANG_WARN_BLOCK_CAPTURE_AUTORELEASING = YES;
				CLANG_WARN_BOOL_CONVERSION = YES;
				CLANG_WARN_COMMA = YES;
				CLANG_WARN_CONSTANT_CONVERSION = YES;
				CLANG_WARN_DEPRECATED_OBJC_IMPLEMENTATIONS = YES;
				CLANG_WARN_DIRECT_OBJC_ISA_USAGE = YES_ERROR;
				CLANG_WARN_DOCUMENTATION_COMMENTS = YES;
				CLANG_WARN_EMPTY_BODY = YES;
				CLANG_WARN_ENUM_CONVERSION = YES;
				CLANG_WARN_INFINITE_RECURSION = YES;
				CLANG_WARN_INT_CONVERSION = YES;
				CLANG_WARN_NON_LITERAL_NULL_CONVERSION = YES;
				CLANG_WARN_OBJC_IMPLICIT_RETAIN_SELF = YES;
				CLANG_WARN_OBJC_LITERAL_CONVERSION = YES;
				CLANG_WARN_OBJC_ROOT_CLASS = YES_ERROR;
				CLANG_WARN_RANGE_LOOP_ANALYSIS = YES;
				CLANG_WARN_STRICT_PROTOTYPES = YES;
				CLANG_WARN_SUSPICIOUS_MOVE = YES;
				CLANG_WARN_UNGUARDED_AVAILABILITY = YES_AGGRESSIVE;
				CLANG_WARN_UNREACHABLE_CODE = YES;
				CLANG_WARN__DUPLICATE_METHOD_MATCH = YES;
				CODE_SIGN_IDENTITY = "iPhone Developer";
				COPY_PHASE_STRIP = NO;
				DEBUG_INFORMATION_FORMAT = "dwarf-with-dsym";
				ENABLE_NS_ASSERTIONS = NO;
				ENABLE_STRICT_OBJC_MSGSEND = YES;
				GCC_C_LANGUAGE_STANDARD = gnu11;
				GCC_NO_COMMON_BLOCKS = YES;
				GCC_WARN_64_TO_32_BIT_CONVERSION = YES;
				GCC_WARN_ABOUT_RETURN_TYPE = YES_ERROR;
				GCC_WARN_UNDECLARED_SELECTOR = YES;
				GCC_WARN_UNINITIALIZED_AUTOS = YES_AGGRESSIVE;
				GCC_WARN_UNUSED_FUNCTION = YES;
				GCC_WARN_UNUSED_VARIABLE = YES;
				IPHONEOS_DEPLOYMENT_TARGET = 12.0;
				MTL_ENABLE_DEBUG_INFO = NO;
				SDKROOT = iphoneos;
				SWIFT_COMPILATION_MODE = wholemodule;
				SWIFT_OPTIMIZATION_LEVEL = "-O";
				VALIDATE_PRODUCT = YES;
			};
			name = Release;
		};
		DFE0F1D420E3ABF8006D5D03 /* Debug */ = {
			isa = XCBuildConfiguration;
			buildSettings = {
				ASSETCATALOG_COMPILER_APPICON_NAME = AppIcon;
				CODE_SIGN_STYLE = Automatic;
				DEVELOPMENT_TEAM = PCCDRAVDG4;
				INFOPLIST_FILE = mvvm/Info.plist;
				LD_RUNPATH_SEARCH_PATHS = (
					"$(inherited)",
					"@executable_path/Frameworks",
				);
				PRODUCT_BUNDLE_IDENTIFIER = br.com.piero.mvvm;
				PRODUCT_NAME = "$(TARGET_NAME)";
				SWIFT_VERSION = 4.2;
				TARGETED_DEVICE_FAMILY = "1,2";
			};
			name = Debug;
		};
		DFE0F1D520E3ABF8006D5D03 /* Release */ = {
			isa = XCBuildConfiguration;
			buildSettings = {
				ASSETCATALOG_COMPILER_APPICON_NAME = AppIcon;
				CODE_SIGN_STYLE = Automatic;
				DEVELOPMENT_TEAM = PCCDRAVDG4;
				INFOPLIST_FILE = mvvm/Info.plist;
				LD_RUNPATH_SEARCH_PATHS = (
					"$(inherited)",
					"@executable_path/Frameworks",
				);
				PRODUCT_BUNDLE_IDENTIFIER = br.com.piero.mvvm;
				PRODUCT_NAME = "$(TARGET_NAME)";
				SWIFT_VERSION = 4.2;
				TARGETED_DEVICE_FAMILY = "1,2";
			};
			name = Release;
		};
/* End XCBuildConfiguration section */

/* Begin XCConfigurationList section */
		DFE0F1BC20E3ABF6006D5D03 /* Build configuration list for PBXProject "mvvm" */ = {
			isa = XCConfigurationList;
			buildConfigurations = (
				DFE0F1D120E3ABF8006D5D03 /* Debug */,
				DFE0F1D220E3ABF8006D5D03 /* Release */,
			);
			defaultConfigurationIsVisible = 0;
			defaultConfigurationName = Release;
		};
		DFE0F1D320E3ABF8006D5D03 /* Build configuration list for PBXNativeTarget "mvvm" */ = {
			isa = XCConfigurationList;
			buildConfigurations = (
				DFE0F1D420E3ABF8006D5D03 /* Debug */,
				DFE0F1D520E3ABF8006D5D03 /* Release */,
			);
			defaultConfigurationIsVisible = 0;
			defaultConfigurationName = Release;
		};
/* End XCConfigurationList section */
	};
	rootObject = DFE0F1B920E3ABF6006D5D03 /* Project object */;
}
